{
  "nodes": {
    "nixpkgs": {
      "locked": {
        "lastModified": 1707349896,
        "narHash": "sha256-qz/6lNH65fB9/nDQGCbhW2raqyIqqsCPC3cvgfcQmPo=",
        "owner": "NixOS",
        "repo": "nixpkgs",
        "rev": "392580561c0f77d6e62915c9f46f2281b82134bd",
        "type": "github"
      },
      "original": {
        "owner": "NixOS",
        "repo": "nixpkgs",
        "type": "github"
      }
    },
    "root": {
      "inputs": {
        "nixpkgs": "nixpkgs"
      }
    }
  },
  "root": "root",
  "version": 7
}
