{
  "nodes": {
    "nixpkgs": {
      "locked": {
        "lastModified": 1711476390,
        "narHash": "sha256-9gff8BffS/vtreJf5K8iVS8vkMQ4QjUklQab98J6zCI=",
        "owner": "NixOS",
        "repo": "nixpkgs",
        "rev": "f6618fa3d5edda68a2a6fb0672806ba3b8799a62",
        "type": "github"
      },
      "original": {
        "owner": "NixOS",
        "repo": "nixpkgs",
        "type": "github"
      }
    },
    "root": {
      "inputs": {
        "nixpkgs": "nixpkgs"
      }
    }
  },
  "root": "root",
  "version": 7
}
