{
  "nodes": {
    "nixpkgs": {
      "locked": {
        "lastModified": 1713897048,
        "narHash": "sha256-u8Y2kqvTuQQxjdSzyaLM69c8T7NBmHkaeFUXgqwZsyo=",
        "owner": "NixOS",
        "repo": "nixpkgs",
        "rev": "76e6d8b1a83c47475658a1a298cded2ad7ac90f2",
        "type": "github"
      },
      "original": {
        "owner": "NixOS",
        "repo": "nixpkgs",
        "type": "github"
      }
    },
    "root": {
      "inputs": {
        "nixpkgs": "nixpkgs"
      }
    }
  },
  "root": "root",
  "version": 7
}
